
Microsoft Visual Studio Solution File, Format Version 12.00
# Visual Studio 15
VisualStudioVersion = 15.0.27004.2009
MinimumVisualStudioVersion = 10.0.40219.1
Project("{FAE04EC0-301F-11D3-BF4B-00C04F79EFBC}") = "Reservations.Web", "Reservations.Web\Reservations.Web.csproj", "{359B7A3D-E1BC-4F6E-94F5-8F0A5A8611EB}"
EndProject
Project("{FAE04EC0-301F-11D3-BF4B-00C04F79EFBC}") = "Reservations.Data", "Reservations.Data\Reservations.Data.csproj", "{6D4B9692-96D5-4090-8098-9105E157B020}"
EndProject
Project("{FAE04EC0-301F-11D3-BF4B-00C04F79EFBC}") = "Reservations.Api", "Reservations.Api\Reservations.Api.csproj", "{42CA030A-F0DC-451E-8657-8BC35216ED87}"
EndProject
Project("{FAE04EC0-301F-11D3-BF4B-00C04F79EFBC}") = "Reservations.Tests", "Reservations.Tests\Reservations.Tests.csproj", "{986CC553-E19C-4BDC-B45F-B42FD9CF0A0B}"
EndProject
Project("{2150E333-8FDC-42A3-9474-1A3956D46DE8}") = "Solution Items", "Solution Items", "{B7A7B8C6-B1A3-41CB-ACE4-1E1C61E0E489}"
	ProjectSection(SolutionItems) = preProject
		README.MD = README.MD
	EndProjectSection
EndProject
Global
	GlobalSection(SolutionConfigurationPlatforms) = preSolution
		Debug|Any CPU = Debug|Any CPU
		Release|Any CPU = Release|Any CPU
	EndGlobalSection
	GlobalSection(ProjectConfigurationPlatforms) = postSolution
		{359B7A3D-E1BC-4F6E-94F5-8F0A5A8611EB}.Debug|Any CPU.ActiveCfg = Debug|Any CPU
		{359B7A3D-E1BC-4F6E-94F5-8F0A5A8611EB}.Debug|Any CPU.Build.0 = Debug|Any CPU
		{359B7A3D-E1BC-4F6E-94F5-8F0A5A8611EB}.Release|Any CPU.ActiveCfg = Release|Any CPU
		{359B7A3D-E1BC-4F6E-94F5-8F0A5A8611EB}.Release|Any CPU.Build.0 = Release|Any CPU
		{6D4B9692-96D5-4090-8098-9105E157B020}.Debug|Any CPU.ActiveCfg = Debug|Any CPU
		{6D4B9692-96D5-4090-8098-9105E157B020}.Debug|Any CPU.Build.0 = Debug|Any CPU
		{6D4B9692-96D5-4090-8098-9105E157B020}.Release|Any CPU.ActiveCfg = Release|Any CPU
		{6D4B9692-96D5-4090-8098-9105E157B020}.Release|Any CPU.Build.0 = Release|Any CPU
		{42CA030A-F0DC-451E-8657-8BC35216ED87}.Debug|Any CPU.ActiveCfg = Debug|Any CPU
		{42CA030A-F0DC-451E-8657-8BC35216ED87}.Debug|Any CPU.Build.0 = Debug|Any CPU
		{42CA030A-F0DC-451E-8657-8BC35216ED87}.Release|Any CPU.ActiveCfg = Release|Any CPU
		{42CA030A-F0DC-451E-8657-8BC35216ED87}.Release|Any CPU.Build.0 = Release|Any CPU
		{986CC553-E19C-4BDC-B45F-B42FD9CF0A0B}.Debug|Any CPU.ActiveCfg = Debug|Any CPU
		{986CC553-E19C-4BDC-B45F-B42FD9CF0A0B}.Debug|Any CPU.Build.0 = Debug|Any CPU
		{986CC553-E19C-4BDC-B45F-B42FD9CF0A0B}.Release|Any CPU.ActiveCfg = Release|Any CPU
		{986CC553-E19C-4BDC-B45F-B42FD9CF0A0B}.Release|Any CPU.Build.0 = Release|Any CPU
	EndGlobalSection
	GlobalSection(SolutionProperties) = preSolution
		HideSolutionNode = FALSE
	EndGlobalSection
	GlobalSection(ExtensibilityGlobals) = postSolution
		SolutionGuid = {31948020-2806-4693-A180-DF8725B8854E}
	EndGlobalSection
EndGlobal
